// !$*UTF8*$!
{
	archiveVersion = 1;
	classes = {
	};
	objectVersion = 48;
	objects = {

/* Begin PBXBuildFile section */
		C70C91E41F03C48C008AC293 /* AppDelegate.swift in Sources */ = {isa = PBXBuildFile; fileRef = C70C91E31F03C48C008AC293 /* AppDelegate.swift */; };
		C70C91E61F03C48C008AC293 /* ViewController.swift in Sources */ = {isa = PBXBuildFile; fileRef = C70C91E51F03C48C008AC293 /* ViewController.swift */; };
		C70C91E91F03C48C008AC293 /* Main.storyboard in Resources */ = {isa = PBXBuildFile; fileRef = C70C91E71F03C48C008AC293 /* Main.storyboard */; };
		C70C91EB1F03C48C008AC293 /* Assets.xcassets in Resources */ = {isa = PBXBuildFile; fileRef = C70C91EA1F03C48C008AC293 /* Assets.xcassets */; };
		C70C91EE1F03C48C008AC293 /* LaunchScreen.storyboard in Resources */ = {isa = PBXBuildFile; fileRef = C70C91EC1F03C48C008AC293 /* LaunchScreen.storyboard */; };
		C70C91F91F03C48C008AC293 /* Stanford_GraphingCalculatorTests.swift in Sources */ = {isa = PBXBuildFile; fileRef = C70C91F81F03C48C008AC293 /* Stanford_GraphingCalculatorTests.swift */; };
		C70C92041F03C48C008AC293 /* Stanford_GraphingCalculatorUITests.swift in Sources */ = {isa = PBXBuildFile; fileRef = C70C92031F03C48C008AC293 /* Stanford_GraphingCalculatorUITests.swift */; };
/* End PBXBuildFile section */

/* Begin PBXContainerItemProxy section */
		C70C91F51F03C48C008AC293 /* PBXContainerItemProxy */ = {
			isa = PBXContainerItemProxy;
			containerPortal = C70C91D81F03C48B008AC293 /* Project object */;
			proxyType = 1;
			remoteGlobalIDString = C70C91DF1F03C48C008AC293;
			remoteInfo = Stanford_GraphingCalculator;
		};
		C70C92001F03C48C008AC293 /* PBXContainerItemProxy */ = {
			isa = PBXContainerItemProxy;
			containerPortal = C70C91D81F03C48B008AC293 /* Project object */;
			proxyType = 1;
			remoteGlobalIDString = C70C91DF1F03C48C008AC293;
			remoteInfo = Stanford_GraphingCalculator;
		};
/* End PBXContainerItemProxy section */

/* Begin PBXFileReference section */
		C70C91E01F03C48C008AC293 /* Stanford_GraphingCalculator.app */ = {isa = PBXFileReference; explicitFileType = wrapper.application; includeInIndex = 0; path = Stanford_GraphingCalculator.app; sourceTree = BUILT_PRODUCTS_DIR; };
		C70C91E31F03C48C008AC293 /* AppDelegate.swift */ = {isa = PBXFileReference; lastKnownFileType = sourcecode.swift; path = AppDelegate.swift; sourceTree = "<group>"; };
		C70C91E51F03C48C008AC293 /* ViewController.swift */ = {isa = PBXFileReference; lastKnownFileType = sourcecode.swift; path = ViewController.swift; sourceTree = "<group>"; };
		C70C91E81F03C48C008AC293 /* Base */ = {isa = PBXFileReference; lastKnownFileType = file.storyboard; name = Base; path = Base.lproj/Main.storyboard; sourceTree = "<group>"; };
		C70C91EA1F03C48C008AC293 /* Assets.xcassets */ = {isa = PBXFileReference; lastKnownFileType = folder.assetcatalog; path = Assets.xcassets; sourceTree = "<group>"; };
		C70C91ED1F03C48C008AC293 /* Base */ = {isa = PBXFileReference; lastKnownFileType = file.storyboard; name = Base; path = Base.lproj/LaunchScreen.storyboard; sourceTree = "<group>"; };
		C70C91EF1F03C48C008AC293 /* Info.plist */ = {isa = PBXFileReference; lastKnownFileType = text.plist.xml; path = Info.plist; sourceTree = "<group>"; };
		C70C91F41F03C48C008AC293 /* Stanford_GraphingCalculatorTests.xctest */ = {isa = PBXFileReference; explicitFileType = wrapper.cfbundle; includeInIndex = 0; path = Stanford_GraphingCalculatorTests.xctest; sourceTree = BUILT_PRODUCTS_DIR; };
		C70C91F81F03C48C008AC293 /* Stanford_GraphingCalculatorTests.swift */ = {isa = PBXFileReference; lastKnownFileType = sourcecode.swift; path = Stanford_GraphingCalculatorTests.swift; sourceTree = "<group>"; };
		C70C91FA1F03C48C008AC293 /* Info.plist */ = {isa = PBXFileReference; lastKnownFileType = text.plist.xml; path = Info.plist; sourceTree = "<group>"; };
		C70C91FF1F03C48C008AC293 /* Stanford_GraphingCalculatorUITests.xctest */ = {isa = PBXFileReference; explicitFileType = wrapper.cfbundle; includeInIndex = 0; path = Stanford_GraphingCalculatorUITests.xctest; sourceTree = BUILT_PRODUCTS_DIR; };
		C70C92031F03C48C008AC293 /* Stanford_GraphingCalculatorUITests.swift */ = {isa = PBXFileReference; lastKnownFileType = sourcecode.swift; path = Stanford_GraphingCalculatorUITests.swift; sourceTree = "<group>"; };
		C70C92051F03C48C008AC293 /* Info.plist */ = {isa = PBXFileReference; lastKnownFileType = text.plist.xml; path = Info.plist; sourceTree = "<group>"; };
/* End PBXFileReference section */

/* Begin PBXFrameworksBuildPhase section */
		C70C91DD1F03C48C008AC293 /* Frameworks */ = {
			isa = PBXFrameworksBuildPhase;
			buildActionMask = 2147483647;
			files = (
			);
			runOnlyForDeploymentPostprocessing = 0;
		};
		C70C91F11F03C48C008AC293 /* Frameworks */ = {
			isa = PBXFrameworksBuildPhase;
			buildActionMask = 2147483647;
			files = (
			);
			runOnlyForDeploymentPostprocessing = 0;
		};
		C70C91FC1F03C48C008AC293 /* Frameworks */ = {
			isa = PBXFrameworksBuildPhase;
			buildActionMask = 2147483647;
			files = (
			);
			runOnlyForDeploymentPostprocessing = 0;
		};
/* End PBXFrameworksBuildPhase section */

/* Begin PBXGroup section */
		C70C91D71F03C48B008AC293 = {
			isa = PBXGroup;
			children = (
				C70C91E21F03C48C008AC293 /* Stanford_GraphingCalculator */,
				C70C91F71F03C48C008AC293 /* Stanford_GraphingCalculatorTests */,
				C70C92021F03C48C008AC293 /* Stanford_GraphingCalculatorUITests */,
				C70C91E11F03C48C008AC293 /* Products */,
			);
			sourceTree = "<group>";
		};
		C70C91E11F03C48C008AC293 /* Products */ = {
			isa = PBXGroup;
			children = (
				C70C91E01F03C48C008AC293 /* Stanford_GraphingCalculator.app */,
				C70C91F41F03C48C008AC293 /* Stanford_GraphingCalculatorTests.xctest */,
				C70C91FF1F03C48C008AC293 /* Stanford_GraphingCalculatorUITests.xctest */,
			);
			name = Products;
			sourceTree = "<group>";
		};
		C70C91E21F03C48C008AC293 /* Stanford_GraphingCalculator */ = {
			isa = PBXGroup;
			children = (
				C70C91E31F03C48C008AC293 /* AppDelegate.swift */,
				C70C91E51F03C48C008AC293 /* ViewController.swift */,
				C70C91E71F03C48C008AC293 /* Main.storyboard */,
				C70C91EA1F03C48C008AC293 /* Assets.xcassets */,
				C70C91EC1F03C48C008AC293 /* LaunchScreen.storyboard */,
				C70C91EF1F03C48C008AC293 /* Info.plist */,
			);
			path = Stanford_GraphingCalculator;
			sourceTree = "<group>";
		};
		C70C91F71F03C48C008AC293 /* Stanford_GraphingCalculatorTests */ = {
			isa = PBXGroup;
			children = (
				C70C91F81F03C48C008AC293 /* Stanford_GraphingCalculatorTests.swift */,
				C70C91FA1F03C48C008AC293 /* Info.plist */,
			);
			path = Stanford_GraphingCalculatorTests;
			sourceTree = "<group>";
		};
		C70C92021F03C48C008AC293 /* Stanford_GraphingCalculatorUITests */ = {
			isa = PBXGroup;
			children = (
				C70C92031F03C48C008AC293 /* Stanford_GraphingCalculatorUITests.swift */,
				C70C92051F03C48C008AC293 /* Info.plist */,
			);
			path = Stanford_GraphingCalculatorUITests;
			sourceTree = "<group>";
		};
/* End PBXGroup section */

/* Begin PBXNativeTarget section */
		C70C91DF1F03C48C008AC293 /* Stanford_GraphingCalculator */ = {
			isa = PBXNativeTarget;
			buildConfigurationList = C70C92081F03C48C008AC293 /* Build configuration list for PBXNativeTarget "Stanford_GraphingCalculator" */;
			buildPhases = (
				C70C91DC1F03C48C008AC293 /* Sources */,
				C70C91DD1F03C48C008AC293 /* Frameworks */,
				C70C91DE1F03C48C008AC293 /* Resources */,
			);
			buildRules = (
			);
			dependencies = (
			);
			name = Stanford_GraphingCalculator;
			productName = Stanford_GraphingCalculator;
			productReference = C70C91E01F03C48C008AC293 /* Stanford_GraphingCalculator.app */;
			productType = "com.apple.product-type.application";
		};
		C70C91F31F03C48C008AC293 /* Stanford_GraphingCalculatorTests */ = {
			isa = PBXNativeTarget;
			buildConfigurationList = C70C920B1F03C48C008AC293 /* Build configuration list for PBXNativeTarget "Stanford_GraphingCalculatorTests" */;
			buildPhases = (
				C70C91F01F03C48C008AC293 /* Sources */,
				C70C91F11F03C48C008AC293 /* Frameworks */,
				C70C91F21F03C48C008AC293 /* Resources */,
			);
			buildRules = (
			);
			dependencies = (
				C70C91F61F03C48C008AC293 /* PBXTargetDependency */,
			);
			name = Stanford_GraphingCalculatorTests;
			productName = Stanford_GraphingCalculatorTests;
			productReference = C70C91F41F03C48C008AC293 /* Stanford_GraphingCalculatorTests.xctest */;
			productType = "com.apple.product-type.bundle.unit-test";
		};
		C70C91FE1F03C48C008AC293 /* Stanford_GraphingCalculatorUITests */ = {
			isa = PBXNativeTarget;
			buildConfigurationList = C70C920E1F03C48C008AC293 /* Build configuration list for PBXNativeTarget "Stanford_GraphingCalculatorUITests" */;
			buildPhases = (
				C70C91FB1F03C48C008AC293 /* Sources */,
				C70C91FC1F03C48C008AC293 /* Frameworks */,
				C70C91FD1F03C48C008AC293 /* Resources */,
			);
			buildRules = (
			);
			dependencies = (
				C70C92011F03C48C008AC293 /* PBXTargetDependency */,
			);
			name = Stanford_GraphingCalculatorUITests;
			productName = Stanford_GraphingCalculatorUITests;
			productReference = C70C91FF1F03C48C008AC293 /* Stanford_GraphingCalculatorUITests.xctest */;
			productType = "com.apple.product-type.bundle.ui-testing";
		};
/* End PBXNativeTarget section */

/* Begin PBXProject section */
		C70C91D81F03C48B008AC293 /* Project object */ = {
			isa = PBXProject;
			attributes = {
				LastSwiftUpdateCheck = 0900;
				LastUpgradeCheck = 0900;
				ORGANIZATIONNAME = "Diogo M Souza";
				TargetAttributes = {
					C70C91DF1F03C48C008AC293 = {
						CreatedOnToolsVersion = 9.0;
					};
					C70C91F31F03C48C008AC293 = {
						CreatedOnToolsVersion = 9.0;
						TestTargetID = C70C91DF1F03C48C008AC293;
					};
					C70C91FE1F03C48C008AC293 = {
						CreatedOnToolsVersion = 9.0;
						TestTargetID = C70C91DF1F03C48C008AC293;
					};
				};
			};
			buildConfigurationList = C70C91DB1F03C48B008AC293 /* Build configuration list for PBXProject "Stanford_GraphingCalculator" */;
			compatibilityVersion = "Xcode 8.0";
			developmentRegion = en;
			hasScannedForEncodings = 0;
			knownRegions = (
				en,
				Base,
			);
			mainGroup = C70C91D71F03C48B008AC293;
			productRefGroup = C70C91E11F03C48C008AC293 /* Products */;
			projectDirPath = "";
			projectRoot = "";
			targets = (
				C70C91DF1F03C48C008AC293 /* Stanford_GraphingCalculator */,
				C70C91F31F03C48C008AC293 /* Stanford_GraphingCalculatorTests */,
				C70C91FE1F03C48C008AC293 /* Stanford_GraphingCalculatorUITests */,
			);
		};
/* End PBXProject section */

/* Begin PBXResourcesBuildPhase section */
		C70C91DE1F03C48C008AC293 /* Resources */ = {
			isa = PBXResourcesBuildPhase;
			buildActionMask = 2147483647;
			files = (
				C70C91EE1F03C48C008AC293 /* LaunchScreen.storyboard in Resources */,
				C70C91EB1F03C48C008AC293 /* Assets.xcassets in Resources */,
				C70C91E91F03C48C008AC293 /* Main.storyboard in Resources */,
			);
			runOnlyForDeploymentPostprocessing = 0;
		};
		C70C91F21F03C48C008AC293 /* Resources */ = {
			isa = PBXResourcesBuildPhase;
			buildActionMask = 2147483647;
			files = (
			);
			runOnlyForDeploymentPostprocessing = 0;
		};
		C70C91FD1F03C48C008AC293 /* Resources */ = {
			isa = PBXResourcesBuildPhase;
			buildActionMask = 2147483647;
			files = (
			);
			runOnlyForDeploymentPostprocessing = 0;
		};
/* End PBXResourcesBuildPhase section */

/* Begin PBXSourcesBuildPhase section */
		C70C91DC1F03C48C008AC293 /* Sources */ = {
			isa = PBXSourcesBuildPhase;
			buildActionMask = 2147483647;
			files = (
				C70C91E61F03C48C008AC293 /* ViewController.swift in Sources */,
				C70C91E41F03C48C008AC293 /* AppDelegate.swift in Sources */,
			);
			runOnlyForDeploymentPostprocessing = 0;
		};
		C70C91F01F03C48C008AC293 /* Sources */ = {
			isa = PBXSourcesBuildPhase;
			buildActionMask = 2147483647;
			files = (
				C70C91F91F03C48C008AC293 /* Stanford_GraphingCalculatorTests.swift in Sources */,
			);
			runOnlyForDeploymentPostprocessing = 0;
		};
		C70C91FB1F03C48C008AC293 /* Sources */ = {
			isa = PBXSourcesBuildPhase;
			buildActionMask = 2147483647;
			files = (
				C70C92041F03C48C008AC293 /* Stanford_GraphingCalculatorUITests.swift in Sources */,
			);
			runOnlyForDeploymentPostprocessing = 0;
		};
/* End PBXSourcesBuildPhase section */

/* Begin PBXTargetDependency section */
		C70C91F61F03C48C008AC293 /* PBXTargetDependency */ = {
			isa = PBXTargetDependency;
			target = C70C91DF1F03C48C008AC293 /* Stanford_GraphingCalculator */;
			targetProxy = C70C91F51F03C48C008AC293 /* PBXContainerItemProxy */;
		};
		C70C92011F03C48C008AC293 /* PBXTargetDependency */ = {
			isa = PBXTargetDependency;
			target = C70C91DF1F03C48C008AC293 /* Stanford_GraphingCalculator */;
			targetProxy = C70C92001F03C48C008AC293 /* PBXContainerItemProxy */;
		};
/* End PBXTargetDependency section */

/* Begin PBXVariantGroup section */
		C70C91E71F03C48C008AC293 /* Main.storyboard */ = {
			isa = PBXVariantGroup;
			children = (
				C70C91E81F03C48C008AC293 /* Base */,
			);
			name = Main.storyboard;
			sourceTree = "<group>";
		};
		C70C91EC1F03C48C008AC293 /* LaunchScreen.storyboard */ = {
			isa = PBXVariantGroup;
			children = (
				C70C91ED1F03C48C008AC293 /* Base */,
			);
			name = LaunchScreen.storyboard;
			sourceTree = "<group>";
		};
/* End PBXVariantGroup section */

/* Begin XCBuildConfiguration section */
		C70C92061F03C48C008AC293 /* Debug */ = {
			isa = XCBuildConfiguration;
			buildSettings = {
				ALWAYS_SEARCH_USER_PATHS = NO;
				CLANG_ANALYZER_NONNULL = YES;
				CLANG_ANALYZER_NUMBER_OBJECT_CONVERSION = YES_AGGRESSIVE;
				CLANG_CXX_LANGUAGE_STANDARD = "gnu++14";
				CLANG_CXX_LIBRARY = "libc++";
				CLANG_ENABLE_MODULES = YES;
				CLANG_ENABLE_OBJC_ARC = YES;
				CLANG_WARN_BLOCK_CAPTURE_AUTORELEASING = YES;
				CLANG_WARN_BOOL_CONVERSION = YES;
				CLANG_WARN_COMMA = YES;
				CLANG_WARN_CONSTANT_CONVERSION = YES;
				CLANG_WARN_DIRECT_OBJC_ISA_USAGE = YES_ERROR;
				CLANG_WARN_DOCUMENTATION_COMMENTS = YES;
				CLANG_WARN_EMPTY_BODY = YES;
				CLANG_WARN_ENUM_CONVERSION = YES;
				CLANG_WARN_INFINITE_RECURSION = YES;
				CLANG_WARN_INT_CONVERSION = YES;
				CLANG_WARN_OBJC_ROOT_CLASS = YES_ERROR;
				CLANG_WARN_RANGE_LOOP_ANALYSIS = YES;
				CLANG_WARN_STRICT_PROTOTYPES = YES;
				CLANG_WARN_SUSPICIOUS_MOVE = YES;
				CLANG_WARN_UNGUARDED_AVAILABILITY = YES_AGGRESSIVE;
				CLANG_WARN_UNREACHABLE_CODE = YES;
				CLANG_WARN__DUPLICATE_METHOD_MATCH = YES;
				CODE_SIGN_IDENTITY = "iPhone Developer";
				COPY_PHASE_STRIP = NO;
				DEBUG_INFORMATION_FORMAT = dwarf;
				ENABLE_STRICT_OBJC_MSGSEND = YES;
				ENABLE_TESTABILITY = YES;
				GCC_C_LANGUAGE_STANDARD = gnu11;
				GCC_DYNAMIC_NO_PIC = NO;
				GCC_NO_COMMON_BLOCKS = YES;
				GCC_OPTIMIZATION_LEVEL = 0;
				GCC_PREPROCESSOR_DEFINITIONS = (
					"DEBUG=1",
					"$(inherited)",
				);
				GCC_WARN_64_TO_32_BIT_CONVERSION = YES;
				GCC_WARN_ABOUT_RETURN_TYPE = YES_ERROR;
				GCC_WARN_UNDECLARED_SELECTOR = YES;
				GCC_WARN_UNINITIALIZED_AUTOS = YES_AGGRESSIVE;
				GCC_WARN_UNUSED_FUNCTION = YES;
				GCC_WARN_UNUSED_VARIABLE = YES;
				IPHONEOS_DEPLOYMENT_TARGET = 11.0;
				MTL_ENABLE_DEBUG_INFO = YES;
				ONLY_ACTIVE_ARCH = YES;
				SDKROOT = iphoneos;
				SWIFT_ACTIVE_COMPILATION_CONDITIONS = DEBUG;
				SWIFT_OPTIMIZATION_LEVEL = "-Onone";
			};
			name = Debug;
		};
		C70C92071F03C48C008AC293 /* Release */ = {
			isa = XCBuildConfiguration;
			buildSettings = {
				ALWAYS_SEARCH_USER_PATHS = NO;
				CLANG_ANALYZER_NONNULL = YES;
				CLANG_ANALYZER_NUMBER_OBJECT_CONVERSION = YES_AGGRESSIVE;
				CLANG_CXX_LANGUAGE_STANDARD = "gnu++14";
				CLANG_CXX_LIBRARY = "libc++";
				CLANG_ENABLE_MODULES = YES;
				CLANG_ENABLE_OBJC_ARC = YES;
				CLANG_WARN_BLOCK_CAPTURE_AUTORELEASING = YES;
				CLANG_WARN_BOOL_CONVERSION = YES;
				CLANG_WARN_COMMA = YES;
				CLANG_WARN_CONSTANT_CONVERSION = YES;
				CLANG_WARN_DIRECT_OBJC_ISA_USAGE = YES_ERROR;
				CLANG_WARN_DOCUMENTATION_COMMENTS = YES;
				CLANG_WARN_EMPTY_BODY = YES;
				CLANG_WARN_ENUM_CONVERSION = YES;
				CLANG_WARN_INFINITE_RECURSION = YES;
				CLANG_WARN_INT_CONVERSION = YES;
				CLANG_WARN_OBJC_ROOT_CLASS = YES_ERROR;
				CLANG_WARN_RANGE_LOOP_ANALYSIS = YES;
				CLANG_WARN_STRICT_PROTOTYPES = YES;
				CLANG_WARN_SUSPICIOUS_MOVE = YES;
				CLANG_WARN_UNGUARDED_AVAILABILITY = YES_AGGRESSIVE;
				CLANG_WARN_UNREACHABLE_CODE = YES;
				CLANG_WARN__DUPLICATE_METHOD_MATCH = YES;
				CODE_SIGN_IDENTITY = "iPhone Developer";
				COPY_PHASE_STRIP = NO;
				DEBUG_INFORMATION_FORMAT = "dwarf-with-dsym";
				ENABLE_NS_ASSERTIONS = NO;
				ENABLE_STRICT_OBJC_MSGSEND = YES;
				GCC_C_LANGUAGE_STANDARD = gnu11;
				GCC_NO_COMMON_BLOCKS = YES;
				GCC_WARN_64_TO_32_BIT_CONVERSION = YES;
				GCC_WARN_ABOUT_RETURN_TYPE = YES_ERROR;
				GCC_WARN_UNDECLARED_SELECTOR = YES;
				GCC_WARN_UNINITIALIZED_AUTOS = YES_AGGRESSIVE;
				GCC_WARN_UNUSED_FUNCTION = YES;
				GCC_WARN_UNUSED_VARIABLE = YES;
				IPHONEOS_DEPLOYMENT_TARGET = 11.0;
				MTL_ENABLE_DEBUG_INFO = NO;
				SDKROOT = iphoneos;
				SWIFT_OPTIMIZATION_LEVEL = "-Owholemodule";
				VALIDATE_PRODUCT = YES;
			};
			name = Release;
		};
		C70C92091F03C48C008AC293 /* Debug */ = {
			isa = XCBuildConfiguration;
			buildSettings = {
				ASSETCATALOG_COMPILER_APPICON_NAME = AppIcon;
				DEVELOPMENT_TEAM = MD49SC946D;
				INFOPLIST_FILE = Stanford_GraphingCalculator/Info.plist;
				LD_RUNPATH_SEARCH_PATHS = "$(inherited) @executable_path/Frameworks";
				PRODUCT_BUNDLE_IDENTIFIER = "jpn.br.classico.diogomsouza.Stanford-GraphingCalculator";
				PRODUCT_NAME = "$(TARGET_NAME)";
				SWIFT_VERSION = 4.0;
				TARGETED_DEVICE_FAMILY = "1,2";
			};
			name = Debug;
		};
		C70C920A1F03C48C008AC293 /* Release */ = {
			isa = XCBuildConfiguration;
			buildSettings = {
				ASSETCATALOG_COMPILER_APPICON_NAME = AppIcon;
				DEVELOPMENT_TEAM = MD49SC946D;
				INFOPLIST_FILE = Stanford_GraphingCalculator/Info.plist;
				LD_RUNPATH_SEARCH_PATHS = "$(inherited) @executable_path/Frameworks";
				PRODUCT_BUNDLE_IDENTIFIER = "jpn.br.classico.diogomsouza.Stanford-GraphingCalculator";
				PRODUCT_NAME = "$(TARGET_NAME)";
				SWIFT_VERSION = 4.0;
				TARGETED_DEVICE_FAMILY = "1,2";
			};
			name = Release;
		};
		C70C920C1F03C48C008AC293 /* Debug */ = {
			isa = XCBuildConfiguration;
			buildSettings = {
				ALWAYS_EMBED_SWIFT_STANDARD_LIBRARIES = YES;
				BUNDLE_LOADER = "$(TEST_HOST)";
				DEVELOPMENT_TEAM = MD49SC946D;
				INFOPLIST_FILE = Stanford_GraphingCalculatorTests/Info.plist;
				LD_RUNPATH_SEARCH_PATHS = "$(inherited) @executable_path/Frameworks @loader_path/Frameworks";
				PRODUCT_BUNDLE_IDENTIFIER = "jpn.br.classico.diogomsouza.Stanford-GraphingCalculatorTests";
				PRODUCT_NAME = "$(TARGET_NAME)";
				SWIFT_VERSION = 4.0;
				TARGETED_DEVICE_FAMILY = "1,2";
				TEST_HOST = "$(BUILT_PRODUCTS_DIR)/Stanford_GraphingCalculator.app/Stanford_GraphingCalculator";
			};
			name = Debug;
		};
		C70C920D1F03C48C008AC293 /* Release */ = {
			isa = XCBuildConfiguration;
			buildSettings = {
				ALWAYS_EMBED_SWIFT_STANDARD_LIBRARIES = YES;
				BUNDLE_LOADER = "$(TEST_HOST)";
				DEVELOPMENT_TEAM = MD49SC946D;
				INFOPLIST_FILE = Stanford_GraphingCalculatorTests/Info.plist;
				LD_RUNPATH_SEARCH_PATHS = "$(inherited) @executable_path/Frameworks @loader_path/Frameworks";
				PRODUCT_BUNDLE_IDENTIFIER = "jpn.br.classico.diogomsouza.Stanford-GraphingCalculatorTests";
				PRODUCT_NAME = "$(TARGET_NAME)";
				SWIFT_VERSION = 4.0;
				TARGETED_DEVICE_FAMILY = "1,2";
				TEST_HOST = "$(BUILT_PRODUCTS_DIR)/Stanford_GraphingCalculator.app/Stanford_GraphingCalculator";
			};
			name = Release;
		};
		C70C920F1F03C48C008AC293 /* Debug */ = {
			isa = XCBuildConfiguration;
			buildSettings = {
				ALWAYS_EMBED_SWIFT_STANDARD_LIBRARIES = YES;
				DEVELOPMENT_TEAM = MD49SC946D;
				INFOPLIST_FILE = Stanford_GraphingCalculatorUITests/Info.plist;
				LD_RUNPATH_SEARCH_PATHS = "$(inherited) @executable_path/Frameworks @loader_path/Frameworks";
				PRODUCT_BUNDLE_IDENTIFIER = "jpn.br.classico.diogomsouza.Stanford-GraphingCalculatorUITests";
				PRODUCT_NAME = "$(TARGET_NAME)";
				SWIFT_VERSION = 4.0;
				TARGETED_DEVICE_FAMILY = "1,2";
				TEST_TARGET_NAME = Stanford_GraphingCalculator;
			};
			name = Debug;
		};
		C70C92101F03C48C008AC293 /* Release */ = {
			isa = XCBuildConfiguration;
			buildSettings = {
				ALWAYS_EMBED_SWIFT_STANDARD_LIBRARIES = YES;
				DEVELOPMENT_TEAM = MD49SC946D;
				INFOPLIST_FILE = Stanford_GraphingCalculatorUITests/Info.plist;
				LD_RUNPATH_SEARCH_PATHS = "$(inherited) @executable_path/Frameworks @loader_path/Frameworks";
				PRODUCT_BUNDLE_IDENTIFIER = "jpn.br.classico.diogomsouza.Stanford-GraphingCalculatorUITests";
				PRODUCT_NAME = "$(TARGET_NAME)";
				SWIFT_VERSION = 4.0;
				TARGETED_DEVICE_FAMILY = "1,2";
				TEST_TARGET_NAME = Stanford_GraphingCalculator;
			};
			name = Release;
		};
/* End XCBuildConfiguration section */

/* Begin XCConfigurationList section */
		C70C91DB1F03C48B008AC293 /* Build configuration list for PBXProject "Stanford_GraphingCalculator" */ = {
			isa = XCConfigurationList;
			buildConfigurations = (
				C70C92061F03C48C008AC293 /* Debug */,
				C70C92071F03C48C008AC293 /* Release */,
			);
			defaultConfigurationIsVisible = 0;
			defaultConfigurationName = Release;
		};
		C70C92081F03C48C008AC293 /* Build configuration list for PBXNativeTarget "Stanford_GraphingCalculator" */ = {
			isa = XCConfigurationList;
			buildConfigurations = (
				C70C92091F03C48C008AC293 /* Debug */,
				C70C920A1F03C48C008AC293 /* Release */,
			);
			defaultConfigurationIsVisible = 0;
		};
		C70C920B1F03C48C008AC293 /* Build configuration list for PBXNativeTarget "Stanford_GraphingCalculatorTests" */ = {
			isa = XCConfigurationList;
			buildConfigurations = (
				C70C920C1F03C48C008AC293 /* Debug */,
				C70C920D1F03C48C008AC293 /* Release */,
			);
			defaultConfigurationIsVisible = 0;
		};
		C70C920E1F03C48C008AC293 /* Build configuration list for PBXNativeTarget "Stanford_GraphingCalculatorUITests" */ = {
			isa = XCConfigurationList;
			buildConfigurations = (
				C70C920F1F03C48C008AC293 /* Debug */,
				C70C92101F03C48C008AC293 /* Release */,
			);
			defaultConfigurationIsVisible = 0;
		};
/* End XCConfigurationList section */
	};
	rootObject = C70C91D81F03C48B008AC293 /* Project object */;
}
